
Microsoft Visual Studio Solution File, Format Version 12.00
# Visual Studio Version 16
VisualStudioVersion = 16.0.31410.357
MinimumVisualStudioVersion = 10.0.40219.1
Project("{9A19103F-16F7-4668-BE54-9A1E7A4F7556}") = "NetCoreFromScratch", "NetCoreFromScratch.csproj", "{F35F524B-698C-4172-AF7C-E8A57E00B891}"
EndProject
Project("{2150E333-8FDC-42A3-9474-1A3956D46DE8}") = "Solution Items", "Solution Items", "{0BD025B6-4A70-46B5-B481-D07804823359}"
	ProjectSection(SolutionItems) = preProject
		TextFile.txt = TextFile.txt
	EndProjectSection
EndProject
Global
	GlobalSection(SolutionConfigurationPlatforms) = preSolution
		Debug|Any CPU = Debug|Any CPU
		Release|Any CPU = Release|Any CPU
	EndGlobalSection
	GlobalSection(ProjectConfigurationPlatforms) = postSolution
		{F35F524B-698C-4172-AF7C-E8A57E00B891}.Debug|Any CPU.ActiveCfg = Debug|Any CPU
		{F35F524B-698C-4172-AF7C-E8A57E00B891}.Debug|Any CPU.Build.0 = Debug|Any CPU
		{F35F524B-698C-4172-AF7C-E8A57E00B891}.Release|Any CPU.ActiveCfg = Release|Any CPU
		{F35F524B-698C-4172-AF7C-E8A57E00B891}.Release|Any CPU.Build.0 = Release|Any CPU
	EndGlobalSection
	GlobalSection(SolutionProperties) = preSolution
		HideSolutionNode = FALSE
	EndGlobalSection
	GlobalSection(ExtensibilityGlobals) = postSolution
		SolutionGuid = {96F0799E-8515-4F9A-AE2C-8640154F959F}
	EndGlobalSection
EndGlobal
